
Microsoft Visual Studio Solution File, Format Version 11.00
# Visual Studio 2010
Project("{FAE04EC0-301F-11D3-BF4B-00C04F79EFBC}") = "WinForm01", "WinForm01\WinForm01.csproj", "{B4AAC854-84D8-4CF4-80CC-32394A663270}"
EndProject
Project("{FAE04EC0-301F-11D3-BF4B-00C04F79EFBC}") = "WinForm02", "WinForm02\WinForm02.csproj", "{AE4EB564-6E0D-4D27-A70C-F2BDDB491DDD}"
EndProject
Project("{FAE04EC0-301F-11D3-BF4B-00C04F79EFBC}") = "WinForm03", "WinForm03\WinForm03.csproj", "{927E3E0C-1E82-4DEF-8FCD-EEB860B1B787}"
EndProject
Project("{FAE04EC0-301F-11D3-BF4B-00C04F79EFBC}") = "WinForm04", "WinForm04\WinForm04.csproj", "{3916923A-D964-441D-A3BC-053448D57A2B}"
EndProject
Project("{FAE04EC0-301F-11D3-BF4B-00C04F79EFBC}") = "WinForm05", "WinForm05\WinForm05.csproj", "{1FB84516-77C0-4202-8B22-56EB047A3A08}"
EndProject
Project("{FAE04EC0-301F-11D3-BF4B-00C04F79EFBC}") = "WinForm06", "WinForm06\WinForm06.csproj", "{8269711B-2503-46AC-A7FA-AC8E0A337CAF}"
EndProject
Project("{FAE04EC0-301F-11D3-BF4B-00C04F79EFBC}") = "WinForm07", "WinForm07\WinForm07.csproj", "{E357FD39-3619-4268-9F1F-B2FB8C392691}"
EndProject
Project("{FAE04EC0-301F-11D3-BF4B-00C04F79EFBC}") = "WinForm08", "WinForm08\WinForm08.csproj", "{68D7C8C6-6B58-477B-9C9A-F6E679BE72A3}"
EndProject
Project("{FAE04EC0-301F-11D3-BF4B-00C04F79EFBC}") = "WinForm09", "WinForm09\WinForm09.csproj", "{C3CB2AFC-93BE-4374-937B-DF5B598697E4}"
EndProject
Project("{FAE04EC0-301F-11D3-BF4B-00C04F79EFBC}") = "WinForm10", "WinForm10\WinForm10.csproj", "{93BB23EE-1E53-4786-8462-AA3299332F1C}"
EndProject
Global
	GlobalSection(SolutionConfigurationPlatforms) = preSolution
		Debug|x86 = Debug|x86
		Release|x86 = Release|x86
	EndGlobalSection
	GlobalSection(ProjectConfigurationPlatforms) = postSolution
		{B4AAC854-84D8-4CF4-80CC-32394A663270}.Debug|x86.ActiveCfg = Debug|x86
		{B4AAC854-84D8-4CF4-80CC-32394A663270}.Debug|x86.Build.0 = Debug|x86
		{B4AAC854-84D8-4CF4-80CC-32394A663270}.Release|x86.ActiveCfg = Release|x86
		{B4AAC854-84D8-4CF4-80CC-32394A663270}.Release|x86.Build.0 = Release|x86
		{AE4EB564-6E0D-4D27-A70C-F2BDDB491DDD}.Debug|x86.ActiveCfg = Debug|x86
		{AE4EB564-6E0D-4D27-A70C-F2BDDB491DDD}.Debug|x86.Build.0 = Debug|x86
		{AE4EB564-6E0D-4D27-A70C-F2BDDB491DDD}.Release|x86.ActiveCfg = Release|x86
		{AE4EB564-6E0D-4D27-A70C-F2BDDB491DDD}.Release|x86.Build.0 = Release|x86
		{927E3E0C-1E82-4DEF-8FCD-EEB860B1B787}.Debug|x86.ActiveCfg = Debug|x86
		{927E3E0C-1E82-4DEF-8FCD-EEB860B1B787}.Debug|x86.Build.0 = Debug|x86
		{927E3E0C-1E82-4DEF-8FCD-EEB860B1B787}.Release|x86.ActiveCfg = Release|x86
		{927E3E0C-1E82-4DEF-8FCD-EEB860B1B787}.Release|x86.Build.0 = Release|x86
		{3916923A-D964-441D-A3BC-053448D57A2B}.Debug|x86.ActiveCfg = Debug|x86
		{3916923A-D964-441D-A3BC-053448D57A2B}.Debug|x86.Build.0 = Debug|x86
		{3916923A-D964-441D-A3BC-053448D57A2B}.Release|x86.ActiveCfg = Release|x86
		{3916923A-D964-441D-A3BC-053448D57A2B}.Release|x86.Build.0 = Release|x86
		{1FB84516-77C0-4202-8B22-56EB047A3A08}.Debug|x86.ActiveCfg = Debug|x86
		{1FB84516-77C0-4202-8B22-56EB047A3A08}.Debug|x86.Build.0 = Debug|x86
		{1FB84516-77C0-4202-8B22-56EB047A3A08}.Release|x86.ActiveCfg = Release|x86
		{1FB84516-77C0-4202-8B22-56EB047A3A08}.Release|x86.Build.0 = Release|x86
		{8269711B-2503-46AC-A7FA-AC8E0A337CAF}.Debug|x86.ActiveCfg = Debug|x86
		{8269711B-2503-46AC-A7FA-AC8E0A337CAF}.Debug|x86.Build.0 = Debug|x86
		{8269711B-2503-46AC-A7FA-AC8E0A337CAF}.Release|x86.ActiveCfg = Release|x86
		{8269711B-2503-46AC-A7FA-AC8E0A337CAF}.Release|x86.Build.0 = Release|x86
		{E357FD39-3619-4268-9F1F-B2FB8C392691}.Debug|x86.ActiveCfg = Debug|x86
		{E357FD39-3619-4268-9F1F-B2FB8C392691}.Debug|x86.Build.0 = Debug|x86
		{E357FD39-3619-4268-9F1F-B2FB8C392691}.Release|x86.ActiveCfg = Release|x86
		{E357FD39-3619-4268-9F1F-B2FB8C392691}.Release|x86.Build.0 = Release|x86
		{68D7C8C6-6B58-477B-9C9A-F6E679BE72A3}.Debug|x86.ActiveCfg = Debug|x86
		{68D7C8C6-6B58-477B-9C9A-F6E679BE72A3}.Debug|x86.Build.0 = Debug|x86
		{68D7C8C6-6B58-477B-9C9A-F6E679BE72A3}.Release|x86.ActiveCfg = Release|x86
		{68D7C8C6-6B58-477B-9C9A-F6E679BE72A3}.Release|x86.Build.0 = Release|x86
		{C3CB2AFC-93BE-4374-937B-DF5B598697E4}.Debug|x86.ActiveCfg = Debug|x86
		{C3CB2AFC-93BE-4374-937B-DF5B598697E4}.Debug|x86.Build.0 = Debug|x86
		{C3CB2AFC-93BE-4374-937B-DF5B598697E4}.Release|x86.ActiveCfg = Release|x86
		{C3CB2AFC-93BE-4374-937B-DF5B598697E4}.Release|x86.Build.0 = Release|x86
		{93BB23EE-1E53-4786-8462-AA3299332F1C}.Debug|x86.ActiveCfg = Debug|x86
		{93BB23EE-1E53-4786-8462-AA3299332F1C}.Debug|x86.Build.0 = Debug|x86
		{93BB23EE-1E53-4786-8462-AA3299332F1C}.Release|x86.ActiveCfg = Release|x86
		{93BB23EE-1E53-4786-8462-AA3299332F1C}.Release|x86.Build.0 = Release|x86
	EndGlobalSection
	GlobalSection(SolutionProperties) = preSolution
		HideSolutionNode = FALSE
	EndGlobalSection
EndGlobal
